// !$*UTF8*$!
{
	archiveVersion = 1;
	classes = {
	};
	objectVersion = 46;
	objects = {

/* Begin PBXBuildFile section */
		BE64E7691B88562F526399E8 /* Pods_Snub.framework in Frameworks */ = {isa = PBXBuildFile; fileRef = 01F7EBFCB6D4497639EBC0D6 /* Pods_Snub.framework */; };
		CD846E7C1C3242B6001929A9 /* dsa_pub.pem in Resources */ = {isa = PBXBuildFile; fileRef = CD846E7B1C3242B6001929A9 /* dsa_pub.pem */; };
		CD8B79131BD7700500BDCCD1 /* SnubCore.framework in CopyFiles */ = {isa = PBXBuildFile; fileRef = CDF4BA761BD47F33008145F1 /* SnubCore.framework */; settings = {ATTRIBUTES = (CodeSignOnCopy, RemoveHeadersOnCopy, ); }; };
		CD8D7FD81BE0839D00FBCB06 /* HockeySDK.framework in Frameworks */ = {isa = PBXBuildFile; fileRef = CD8D7FD71BE0839D00FBCB06 /* HockeySDK.framework */; };
		CD8D7FD91BE083A600FBCB06 /* HockeySDK.framework in CopyFiles */ = {isa = PBXBuildFile; fileRef = CD8D7FD71BE0839D00FBCB06 /* HockeySDK.framework */; settings = {ATTRIBUTES = (CodeSignOnCopy, RemoveHeadersOnCopy, ); }; };
		CD94558A1BD7621000636351 /* Acknowledgements.pdf in Resources */ = {isa = PBXBuildFile; fileRef = CD9455891BD7621000636351 /* Acknowledgements.pdf */; };
		CD94558C1BD7624600636351 /* AboutWindowController.swift in Sources */ = {isa = PBXBuildFile; fileRef = CD94558B1BD7624600636351 /* AboutWindowController.swift */; };
		CDAB6E271BD4778200CAF500 /* ContentViewController.swift in Sources */ = {isa = PBXBuildFile; fileRef = CDAB6E241BD4778200CAF500 /* ContentViewController.swift */; };
		CDAB6E281BD4778200CAF500 /* MasterGitIgnoreTabViewItemController.swift in Sources */ = {isa = PBXBuildFile; fileRef = CDAB6E251BD4778200CAF500 /* MasterGitIgnoreTabViewItemController.swift */; };
		CDAB6E291BD4778200CAF500 /* SuggestedTabViewItemController.swift in Sources */ = {isa = PBXBuildFile; fileRef = CDAB6E261BD4778200CAF500 /* SuggestedTabViewItemController.swift */; };
		CDAB6E301BD4778D00CAF500 /* EventMonitor.swift in Sources */ = {isa = PBXBuildFile; fileRef = CDAB6E2A1BD4778D00CAF500 /* EventMonitor.swift */; };
		CDAB6E451BD477A800CAF500 /* Extensions.swift in Sources */ = {isa = PBXBuildFile; fileRef = CDAB6E441BD477A800CAF500 /* Extensions.swift */; };
		CDAB6E4B1BD4789500CAF500 /* AppDelegate.swift in Sources */ = {isa = PBXBuildFile; fileRef = CDAB6E4A1BD4789500CAF500 /* AppDelegate.swift */; };
		CDAB6E4D1BD478BC00CAF500 /* GitIgnoreRowView.swift in Sources */ = {isa = PBXBuildFile; fileRef = CDAB6E4C1BD478BC00CAF500 /* GitIgnoreRowView.swift */; };
		CDAB6E511BD47A0200CAF500 /* ContentView.xib in Resources */ = {isa = PBXBuildFile; fileRef = CDAB6E501BD47A0200CAF500 /* ContentView.xib */; };
		CDAB6E531BD47A4900CAF500 /* Assets.xcassets in Resources */ = {isa = PBXBuildFile; fileRef = CDAB6E521BD47A4900CAF500 /* Assets.xcassets */; };
		CDBBBF741BD47C0D00DD515E /* MainMenu.xib in Resources */ = {isa = PBXBuildFile; fileRef = CDBBBF721BD47C0D00DD515E /* MainMenu.xib */; };
		CDBE62781BE098D9006612C1 /* snub in Resources */ = {isa = PBXBuildFile; fileRef = CDBE62771BE098D9006612C1 /* snub */; };
		CDBE62791BE098E5006612C1 /* snub in CopyFiles */ = {isa = PBXBuildFile; fileRef = CDBE62771BE098D9006612C1 /* snub */; settings = {ATTRIBUTES = (CodeSignOnCopy, ); }; };
		CDE27A5C1BCE1B7B004B4107 /* ScriptingBridge.framework in Frameworks */ = {isa = PBXBuildFile; fileRef = CDE27A5B1BCE1B7B004B4107 /* ScriptingBridge.framework */; };
		CDEFBC241BD49C4700365797 /* gitignore-master.zip in Resources */ = {isa = PBXBuildFile; fileRef = CDEFBC231BD49C4700365797 /* gitignore-master.zip */; };
		CDF3FBC61BD7457000472F09 /* AboutWindow.xib in Resources */ = {isa = PBXBuildFile; fileRef = CDF3FBC41BD7457000472F09 /* AboutWindow.xib */; };
/* End PBXBuildFile section */

/* Begin PBXContainerItemProxy section */
		CDF4BA751BD47F33008145F1 /* PBXContainerItemProxy */ = {
			isa = PBXContainerItemProxy;
			containerPortal = CDF4BA711BD47F33008145F1 /* SnubCore.xcodeproj */;
			proxyType = 2;
			remoteGlobalIDString = CD64FF521BD4521400A2E715;
			remoteInfo = SnubCore;
		};
		CDF4BA781BD47F42008145F1 /* PBXContainerItemProxy */ = {
			isa = PBXContainerItemProxy;
			containerPortal = CDF4BA711BD47F33008145F1 /* SnubCore.xcodeproj */;
			proxyType = 1;
			remoteGlobalIDString = CD64FF511BD4521400A2E715;
			remoteInfo = SnubCore;
		};
/* End PBXContainerItemProxy section */

/* Begin PBXCopyFilesBuildPhase section */
		CD8B79121BD76FFB00BDCCD1 /* CopyFiles */ = {
			isa = PBXCopyFilesBuildPhase;
			buildActionMask = 2147483647;
			dstPath = "";
			dstSubfolderSpec = 10;
			files = (
				CD8D7FD91BE083A600FBCB06 /* HockeySDK.framework in CopyFiles */,
				CD8B79131BD7700500BDCCD1 /* SnubCore.framework in CopyFiles */,
				CDBE62791BE098E5006612C1 /* snub in CopyFiles */,
			);
			runOnlyForDeploymentPostprocessing = 0;
		};
/* End PBXCopyFilesBuildPhase section */

/* Begin PBXFileReference section */
		01F7EBFCB6D4497639EBC0D6 /* Pods_Snub.framework */ = {isa = PBXFileReference; explicitFileType = wrapper.framework; includeInIndex = 0; path = Pods_Snub.framework; sourceTree = BUILT_PRODUCTS_DIR; };
		08A37E63274F3F7540B11A29 /* Pods-Snub.debug.xcconfig */ = {isa = PBXFileReference; includeInIndex = 1; lastKnownFileType = text.xcconfig; name = "Pods-Snub.debug.xcconfig"; path = "../Pods/Target Support Files/Pods-Snub/Pods-Snub.debug.xcconfig"; sourceTree = "<group>"; };
		4C4E8E02C1F126C7912A1C05 /* Pods-Snub.release.xcconfig */ = {isa = PBXFileReference; includeInIndex = 1; lastKnownFileType = text.xcconfig; name = "Pods-Snub.release.xcconfig"; path = "Pods/Target Support Files/Pods-Snub/Pods-Snub.release.xcconfig"; sourceTree = "<group>"; };
		94AD24F7ACEB62CB6A1CB5B9 /* Pods-Snub.debug.xcconfig */ = {isa = PBXFileReference; includeInIndex = 1; lastKnownFileType = text.xcconfig; name = "Pods-Snub.debug.xcconfig"; path = "Pods/Target Support Files/Pods-Snub/Pods-Snub.debug.xcconfig"; sourceTree = "<group>"; };
		CD623B1D1BD472A1000C3A42 /* Snub-Bridging-Header.h */ = {isa = PBXFileReference; lastKnownFileType = sourcecode.c.h; path = "Snub-Bridging-Header.h"; sourceTree = "<group>"; };
		CD62A8091BCE0FB9009D6B62 /* Snub.app */ = {isa = PBXFileReference; explicitFileType = wrapper.application; includeInIndex = 0; path = Snub.app; sourceTree = BUILT_PRODUCTS_DIR; };
		CD62A8131BCE0FB9009D6B62 /* Info.plist */ = {isa = PBXFileReference; lastKnownFileType = text.plist.xml; path = Info.plist; sourceTree = "<group>"; };
		CD846E7B1C3242B6001929A9 /* dsa_pub.pem */ = {isa = PBXFileReference; fileEncoding = 4; lastKnownFileType = text; path = dsa_pub.pem; sourceTree = SOURCE_ROOT; };
		CD8D7FD71BE0839D00FBCB06 /* HockeySDK.framework */ = {isa = PBXFileReference; lastKnownFileType = wrapper.framework; name = HockeySDK.framework; path = "HockeySDK-Mac/HockeySDK.framework"; sourceTree = "<group>"; };
		CD9455891BD7621000636351 /* Acknowledgements.pdf */ = {isa = PBXFileReference; lastKnownFileType = image.pdf; path = Acknowledgements.pdf; sourceTree = SOURCE_ROOT; };
		CD94558B1BD7624600636351 /* AboutWindowController.swift */ = {isa = PBXFileReference; fileEncoding = 4; lastKnownFileType = sourcecode.swift; name = AboutWindowController.swift; path = Controllers/AboutWindowController.swift; sourceTree = SOURCE_ROOT; };
		CDAB6E241BD4778200CAF500 /* ContentViewController.swift */ = {isa = PBXFileReference; fileEncoding = 4; lastKnownFileType = sourcecode.swift; name = ContentViewController.swift; path = Controllers/ContentViewController.swift; sourceTree = SOURCE_ROOT; };
		CDAB6E251BD4778200CAF500 /* MasterGitIgnoreTabViewItemController.swift */ = {isa = PBXFileReference; fileEncoding = 4; lastKnownFileType = sourcecode.swift; name = MasterGitIgnoreTabViewItemController.swift; path = Controllers/MasterGitIgnoreTabViewItemController.swift; sourceTree = SOURCE_ROOT; };
		CDAB6E261BD4778200CAF500 /* SuggestedTabViewItemController.swift */ = {isa = PBXFileReference; fileEncoding = 4; lastKnownFileType = sourcecode.swift; name = SuggestedTabViewItemController.swift; path = Controllers/SuggestedTabViewItemController.swift; sourceTree = SOURCE_ROOT; };
		CDAB6E2A1BD4778D00CAF500 /* EventMonitor.swift */ = {isa = PBXFileReference; fileEncoding = 4; lastKnownFileType = sourcecode.swift; name = EventMonitor.swift; path = Services/EventMonitor.swift; sourceTree = SOURCE_ROOT; };
		CDAB6E441BD477A800CAF500 /* Extensions.swift */ = {isa = PBXFileReference; fileEncoding = 4; lastKnownFileType = sourcecode.swift; name = Extensions.swift; path = Extensions/Extensions.swift; sourceTree = SOURCE_ROOT; };
		CDAB6E4A1BD4789500CAF500 /* AppDelegate.swift */ = {isa = PBXFileReference; fileEncoding = 4; lastKnownFileType = sourcecode.swift; path = AppDelegate.swift; sourceTree = SOURCE_ROOT; };
		CDAB6E4C1BD478BC00CAF500 /* GitIgnoreRowView.swift */ = {isa = PBXFileReference; fileEncoding = 4; lastKnownFileType = sourcecode.swift; name = GitIgnoreRowView.swift; path = Views/GitIgnoreRowView.swift; sourceTree = SOURCE_ROOT; };
		CDAB6E501BD47A0200CAF500 /* ContentView.xib */ = {isa = PBXFileReference; fileEncoding = 4; lastKnownFileType = file.xib; name = ContentView.xib; path = Views/ContentView.xib; sourceTree = SOURCE_ROOT; };
		CDAB6E521BD47A4900CAF500 /* Assets.xcassets */ = {isa = PBXFileReference; lastKnownFileType = folder.assetcatalog; path = Assets.xcassets; sourceTree = SOURCE_ROOT; };
		CDBBBF731BD47C0D00DD515E /* Base */ = {isa = PBXFileReference; lastKnownFileType = file.xib; name = Base; path = MainMenu.xib; sourceTree = "<group>"; };
		CDBE62771BE098D9006612C1 /* snub */ = {isa = PBXFileReference; lastKnownFileType = "compiled.mach-o.executable"; name = snub; path = "../../../../../../../Library/Developer/Xcode/DerivedData/Snub-cusytgygldlzuudgkyzeuordujax/Build/Products/Debug/snub"; sourceTree = "<group>"; };
		CDE27A5B1BCE1B7B004B4107 /* ScriptingBridge.framework */ = {isa = PBXFileReference; lastKnownFileType = wrapper.framework; name = ScriptingBridge.framework; path = System/Library/Frameworks/ScriptingBridge.framework; sourceTree = SDKROOT; };
		CDE27A5D1BCE221E004B4107 /* CoreServices.framework */ = {isa = PBXFileReference; lastKnownFileType = wrapper.framework; name = CoreServices.framework; path = System/Library/Frameworks/CoreServices.framework; sourceTree = SDKROOT; };
		CDEFBC231BD49C4700365797 /* gitignore-master.zip */ = {isa = PBXFileReference; lastKnownFileType = archive.zip; path = "gitignore-master.zip"; sourceTree = SOURCE_ROOT; };
		CDF3FBC41BD7457000472F09 /* AboutWindow.xib */ = {isa = PBXFileReference; fileEncoding = 4; lastKnownFileType = file.xib; name = AboutWindow.xib; path = Views/AboutWindow.xib; sourceTree = SOURCE_ROOT; };
		CDF4BA711BD47F33008145F1 /* SnubCore.xcodeproj */ = {isa = PBXFileReference; lastKnownFileType = "wrapper.pb-project"; name = SnubCore.xcodeproj; path = ../SnubCore/SnubCore.xcodeproj; sourceTree = "<group>"; };
		EE5CF2033A91327DC2E1ADD1 /* Pods-Snub.release.xcconfig */ = {isa = PBXFileReference; includeInIndex = 1; lastKnownFileType = text.xcconfig; name = "Pods-Snub.release.xcconfig"; path = "../Pods/Target Support Files/Pods-Snub/Pods-Snub.release.xcconfig"; sourceTree = "<group>"; };
/* End PBXFileReference section */

/* Begin PBXFrameworksBuildPhase section */
		CD62A8061BCE0FB9009D6B62 /* Frameworks */ = {
			isa = PBXFrameworksBuildPhase;
			buildActionMask = 2147483647;
			files = (
				CDE27A5C1BCE1B7B004B4107 /* ScriptingBridge.framework in Frameworks */,
				BE64E7691B88562F526399E8 /* Pods_Snub.framework in Frameworks */,
				CD8D7FD81BE0839D00FBCB06 /* HockeySDK.framework in Frameworks */,
			);
			runOnlyForDeploymentPostprocessing = 0;
		};
/* End PBXFrameworksBuildPhase section */

/* Begin PBXGroup section */
		CD62A8001BCE0FB9009D6B62 = {
			isa = PBXGroup;
			children = (
				CD62A80B1BCE0FB9009D6B62 /* Snub */,
				CD62A80A1BCE0FB9009D6B62 /* Products */,
				DF224FD50F3DED013B18BA69 /* Pods */,
				DD52A8540352116A1A124BA7 /* Frameworks */,
			);
			sourceTree = "<group>";
		};
		CD62A80A1BCE0FB9009D6B62 /* Products */ = {
			isa = PBXGroup;
			children = (
				CD62A8091BCE0FB9009D6B62 /* Snub.app */,
			);
			name = Products;
			sourceTree = "<group>";
		};
		CD62A80B1BCE0FB9009D6B62 /* Snub */ = {
			isa = PBXGroup;
			children = (
				CDD22D551BCF521F00308400 /* Views */,
				CDD22D631BCF533600308400 /* Controllers */,
				CDE27A611BCE2896004B4107 /* Services */,
				CDD9D70F1BD0D73F00CF7B2F /* Extensions */,
				CD62A8131BCE0FB9009D6B62 /* Info.plist */,
				CDAB6E4A1BD4789500CAF500 /* AppDelegate.swift */,
				CD623B1D1BD472A1000C3A42 /* Snub-Bridging-Header.h */,
				CDEFBC231BD49C4700365797 /* gitignore-master.zip */,
				CD846E7B1C3242B6001929A9 /* dsa_pub.pem */,
				CDBE62771BE098D9006612C1 /* snub */,
				CD9455891BD7621000636351 /* Acknowledgements.pdf */,
				CDAB6E521BD47A4900CAF500 /* Assets.xcassets */,
			);
			path = Snub;
			sourceTree = "<group>";
		};
		CDD22D551BCF521F00308400 /* Views */ = {
			isa = PBXGroup;
			children = (
				CDAB6E501BD47A0200CAF500 /* ContentView.xib */,
				CDF3FBC41BD7457000472F09 /* AboutWindow.xib */,
				CDBBBF721BD47C0D00DD515E /* MainMenu.xib */,
				CDAB6E4C1BD478BC00CAF500 /* GitIgnoreRowView.swift */,
			);
			path = Views;
			sourceTree = "<group>";
		};
		CDD22D631BCF533600308400 /* Controllers */ = {
			isa = PBXGroup;
			children = (
				CD94558B1BD7624600636351 /* AboutWindowController.swift */,
				CDAB6E241BD4778200CAF500 /* ContentViewController.swift */,
				CDAB6E251BD4778200CAF500 /* MasterGitIgnoreTabViewItemController.swift */,
				CDAB6E261BD4778200CAF500 /* SuggestedTabViewItemController.swift */,
			);
			path = Controllers;
			sourceTree = "<group>";
		};
		CDD9D70F1BD0D73F00CF7B2F /* Extensions */ = {
			isa = PBXGroup;
			children = (
				CDAB6E441BD477A800CAF500 /* Extensions.swift */,
			);
			path = Extensions;
			sourceTree = "<group>";
		};
		CDE27A611BCE2896004B4107 /* Services */ = {
			isa = PBXGroup;
			children = (
				CDAB6E2A1BD4778D00CAF500 /* EventMonitor.swift */,
			);
			path = Services;
			sourceTree = "<group>";
		};
		CDF4BA721BD47F33008145F1 /* Products */ = {
			isa = PBXGroup;
			children = (
				CDF4BA761BD47F33008145F1 /* SnubCore.framework */,
			);
			name = Products;
			sourceTree = "<group>";
		};
		DD52A8540352116A1A124BA7 /* Frameworks */ = {
			isa = PBXGroup;
			children = (
				CDF4BA711BD47F33008145F1 /* SnubCore.xcodeproj */,
				CD8D7FD71BE0839D00FBCB06 /* HockeySDK.framework */,
				CDE27A5D1BCE221E004B4107 /* CoreServices.framework */,
				CDE27A5B1BCE1B7B004B4107 /* ScriptingBridge.framework */,
				01F7EBFCB6D4497639EBC0D6 /* Pods_Snub.framework */,
			);
			name = Frameworks;
			sourceTree = "<group>";
		};
		DF224FD50F3DED013B18BA69 /* Pods */ = {
			isa = PBXGroup;
			children = (
				94AD24F7ACEB62CB6A1CB5B9 /* Pods-Snub.debug.xcconfig */,
				4C4E8E02C1F126C7912A1C05 /* Pods-Snub.release.xcconfig */,
				08A37E63274F3F7540B11A29 /* Pods-Snub.debug.xcconfig */,
				EE5CF2033A91327DC2E1ADD1 /* Pods-Snub.release.xcconfig */,
			);
			name = Pods;
			sourceTree = "<group>";
		};
/* End PBXGroup section */

/* Begin PBXNativeTarget section */
		CD62A8081BCE0FB9009D6B62 /* Snub */ = {
			isa = PBXNativeTarget;
			buildConfigurationList = CD62A82C1BCE0FB9009D6B62 /* Build configuration list for PBXNativeTarget "Snub" */;
			buildPhases = (
				0C7CA79CC1525280A95416D7 /* Check Pods Manifest.lock */,
				CD62A8051BCE0FB9009D6B62 /* Sources */,
				CD62A8061BCE0FB9009D6B62 /* Frameworks */,
				CD62A8071BCE0FB9009D6B62 /* Resources */,
				B1171C3C91AD55580311FF2A /* Embed Pods Frameworks */,
				C234E93A563041E7D7AF7446 /* Copy Pods Resources */,
				CD8B79121BD76FFB00BDCCD1 /* CopyFiles */,
				CD8D7FD61BE0837500FBCB06 /* ShellScript */,
			);
			buildRules = (
			);
			dependencies = (
				CDF4BA791BD47F42008145F1 /* PBXTargetDependency */,
			);
			name = Snub;
			productName = Snub;
			productReference = CD62A8091BCE0FB9009D6B62 /* Snub.app */;
			productType = "com.apple.product-type.application";
		};
/* End PBXNativeTarget section */

/* Begin PBXProject section */
		CD62A8011BCE0FB9009D6B62 /* Project object */ = {
			isa = PBXProject;
			attributes = {
				LastSwiftUpdateCheck = 0700;
				LastUpgradeCheck = 0700;
				ORGANIZATIONNAME = "RnA Apps";
				TargetAttributes = {
					CD62A8081BCE0FB9009D6B62 = {
						CreatedOnToolsVersion = 7.0.1;
					};
				};
			};
			buildConfigurationList = CD62A8041BCE0FB9009D6B62 /* Build configuration list for PBXProject "Snub" */;
			compatibilityVersion = "Xcode 3.2";
			developmentRegion = English;
			hasScannedForEncodings = 0;
			knownRegions = (
				en,
				Base,
			);
			mainGroup = CD62A8001BCE0FB9009D6B62;
			productRefGroup = CD62A80A1BCE0FB9009D6B62 /* Products */;
			projectDirPath = "";
			projectReferences = (
				{
					ProductGroup = CDF4BA721BD47F33008145F1 /* Products */;
					ProjectRef = CDF4BA711BD47F33008145F1 /* SnubCore.xcodeproj */;
				},
			);
			projectRoot = "";
			targets = (
				CD62A8081BCE0FB9009D6B62 /* Snub */,
			);
		};
/* End PBXProject section */

/* Begin PBXReferenceProxy section */
		CDF4BA761BD47F33008145F1 /* SnubCore.framework */ = {
			isa = PBXReferenceProxy;
			fileType = wrapper.framework;
			path = SnubCore.framework;
			remoteRef = CDF4BA751BD47F33008145F1 /* PBXContainerItemProxy */;
			sourceTree = BUILT_PRODUCTS_DIR;
		};
/* End PBXReferenceProxy section */

/* Begin PBXResourcesBuildPhase section */
		CD62A8071BCE0FB9009D6B62 /* Resources */ = {
			isa = PBXResourcesBuildPhase;
			buildActionMask = 2147483647;
			files = (
				CDAB6E531BD47A4900CAF500 /* Assets.xcassets in Resources */,
				CD94558A1BD7621000636351 /* Acknowledgements.pdf in Resources */,
				CDBE62781BE098D9006612C1 /* snub in Resources */,
				CD846E7C1C3242B6001929A9 /* dsa_pub.pem in Resources */,
				CDAB6E511BD47A0200CAF500 /* ContentView.xib in Resources */,
				CDF3FBC61BD7457000472F09 /* AboutWindow.xib in Resources */,
				CDEFBC241BD49C4700365797 /* gitignore-master.zip in Resources */,
				CDBBBF741BD47C0D00DD515E /* MainMenu.xib in Resources */,
			);
			runOnlyForDeploymentPostprocessing = 0;
		};
/* End PBXResourcesBuildPhase section */

/* Begin PBXShellScriptBuildPhase section */
		0C7CA79CC1525280A95416D7 /* Check Pods Manifest.lock */ = {
			isa = PBXShellScriptBuildPhase;
			buildActionMask = 2147483647;
			files = (
			);
			inputPaths = (
			);
			name = "Check Pods Manifest.lock";
			outputPaths = (
			);
			runOnlyForDeploymentPostprocessing = 0;
			shellPath = /bin/sh;
			shellScript = "diff \"${PODS_ROOT}/../Podfile.lock\" \"${PODS_ROOT}/Manifest.lock\" > /dev/null\nif [[ $? != 0 ]] ; then\n    cat << EOM\nerror: The sandbox is not in sync with the Podfile.lock. Run 'pod install' or update your CocoaPods installation.\nEOM\n    exit 1\nfi\n";
			showEnvVarsInLog = 0;
		};
		B1171C3C91AD55580311FF2A /* Embed Pods Frameworks */ = {
			isa = PBXShellScriptBuildPhase;
			buildActionMask = 2147483647;
			files = (
			);
			inputPaths = (
			);
			name = "Embed Pods Frameworks";
			outputPaths = (
			);
			runOnlyForDeploymentPostprocessing = 0;
			shellPath = /bin/sh;
			shellScript = "\"${SRCROOT}/../Pods/Target Support Files/Pods-Snub/Pods-Snub-frameworks.sh\"\n";
			showEnvVarsInLog = 0;
		};
		C234E93A563041E7D7AF7446 /* Copy Pods Resources */ = {
			isa = PBXShellScriptBuildPhase;
			buildActionMask = 2147483647;
			files = (
			);
			inputPaths = (
			);
			name = "Copy Pods Resources";
			outputPaths = (
			);
			runOnlyForDeploymentPostprocessing = 0;
			shellPath = /bin/sh;
			shellScript = "\"${SRCROOT}/../Pods/Target Support Files/Pods-Snub/Pods-Snub-resources.sh\"\n";
			showEnvVarsInLog = 0;
		};
		CD8D7FD61BE0837500FBCB06 /* ShellScript */ = {
			isa = PBXShellScriptBuildPhase;
			buildActionMask = 2147483647;
			files = (
			);
			inputPaths = (
			);
			outputPaths = (
			);
			runOnlyForDeploymentPostprocessing = 0;
			shellPath = /bin/sh;
			shellScript = "FILE=\"${SRCROOT}/HockeySDK-Mac/BuildAgent\"\nif [ -f \"$FILE\" ]; then\n\"$FILE\"\nfi";
		};
/* End PBXShellScriptBuildPhase section */

/* Begin PBXSourcesBuildPhase section */
		CD62A8051BCE0FB9009D6B62 /* Sources */ = {
			isa = PBXSourcesBuildPhase;
			buildActionMask = 2147483647;
			files = (
				CDAB6E281BD4778200CAF500 /* MasterGitIgnoreTabViewItemController.swift in Sources */,
				CDAB6E451BD477A800CAF500 /* Extensions.swift in Sources */,
				CDAB6E301BD4778D00CAF500 /* EventMonitor.swift in Sources */,
				CDAB6E291BD4778200CAF500 /* SuggestedTabViewItemController.swift in Sources */,
				CDAB6E4B1BD4789500CAF500 /* AppDelegate.swift in Sources */,
				CD94558C1BD7624600636351 /* AboutWindowController.swift in Sources */,
				CDAB6E4D1BD478BC00CAF500 /* GitIgnoreRowView.swift in Sources */,
				CDAB6E271BD4778200CAF500 /* ContentViewController.swift in Sources */,
			);
			runOnlyForDeploymentPostprocessing = 0;
		};
/* End PBXSourcesBuildPhase section */

/* Begin PBXTargetDependency section */
		CDF4BA791BD47F42008145F1 /* PBXTargetDependency */ = {
			isa = PBXTargetDependency;
			name = SnubCore;
			targetProxy = CDF4BA781BD47F42008145F1 /* PBXContainerItemProxy */;
		};
/* End PBXTargetDependency section */

/* Begin PBXVariantGroup section */
		CDBBBF721BD47C0D00DD515E /* MainMenu.xib */ = {
			isa = PBXVariantGroup;
			children = (
				CDBBBF731BD47C0D00DD515E /* Base */,
			);
			name = MainMenu.xib;
			path = ../../Base.lproj;
			sourceTree = "<group>";
		};
/* End PBXVariantGroup section */

/* Begin XCBuildConfiguration section */
		CD62A82A1BCE0FB9009D6B62 /* Debug */ = {
			isa = XCBuildConfiguration;
			buildSettings = {
				ALWAYS_SEARCH_USER_PATHS = NO;
				CLANG_CXX_LANGUAGE_STANDARD = "gnu++0x";
				CLANG_CXX_LIBRARY = "libc++";
				CLANG_ENABLE_MODULES = YES;
				CLANG_ENABLE_OBJC_ARC = YES;
				CLANG_WARN_BOOL_CONVERSION = YES;
				CLANG_WARN_CONSTANT_CONVERSION = YES;
				CLANG_WARN_DIRECT_OBJC_ISA_USAGE = YES_ERROR;
				CLANG_WARN_EMPTY_BODY = YES;
				CLANG_WARN_ENUM_CONVERSION = YES;
				CLANG_WARN_INT_CONVERSION = YES;
				CLANG_WARN_OBJC_ROOT_CLASS = YES_ERROR;
				CLANG_WARN_UNREACHABLE_CODE = YES;
				CLANG_WARN__DUPLICATE_METHOD_MATCH = YES;
				CODE_SIGN_IDENTITY = "-";
				COPY_PHASE_STRIP = NO;
				DEBUG_INFORMATION_FORMAT = dwarf;
				ENABLE_STRICT_OBJC_MSGSEND = YES;
				ENABLE_TESTABILITY = YES;
				GCC_C_LANGUAGE_STANDARD = gnu99;
				GCC_DYNAMIC_NO_PIC = NO;
				GCC_NO_COMMON_BLOCKS = YES;
				GCC_OPTIMIZATION_LEVEL = 0;
				GCC_PREPROCESSOR_DEFINITIONS = (
					"DEBUG=1",
					"$(inherited)",
				);
				GCC_WARN_64_TO_32_BIT_CONVERSION = YES;
				GCC_WARN_ABOUT_RETURN_TYPE = YES_ERROR;
				GCC_WARN_UNDECLARED_SELECTOR = YES;
				GCC_WARN_UNINITIALIZED_AUTOS = YES_AGGRESSIVE;
				GCC_WARN_UNUSED_FUNCTION = YES;
				GCC_WARN_UNUSED_VARIABLE = YES;
				MACOSX_DEPLOYMENT_TARGET = 10.10;
				MTL_ENABLE_DEBUG_INFO = YES;
				ONLY_ACTIVE_ARCH = YES;
				SDKROOT = macosx;
				SWIFT_OPTIMIZATION_LEVEL = "-Onone";
			};
			name = Debug;
		};
		CD62A82B1BCE0FB9009D6B62 /* Release */ = {
			isa = XCBuildConfiguration;
			buildSettings = {
				ALWAYS_SEARCH_USER_PATHS = NO;
				CLANG_CXX_LANGUAGE_STANDARD = "gnu++0x";
				CLANG_CXX_LIBRARY = "libc++";
				CLANG_ENABLE_MODULES = YES;
				CLANG_ENABLE_OBJC_ARC = YES;
				CLANG_WARN_BOOL_CONVERSION = YES;
				CLANG_WARN_CONSTANT_CONVERSION = YES;
				CLANG_WARN_DIRECT_OBJC_ISA_USAGE = YES_ERROR;
				CLANG_WARN_EMPTY_BODY = YES;
				CLANG_WARN_ENUM_CONVERSION = YES;
				CLANG_WARN_INT_CONVERSION = YES;
				CLANG_WARN_OBJC_ROOT_CLASS = YES_ERROR;
				CLANG_WARN_UNREACHABLE_CODE = YES;
				CLANG_WARN__DUPLICATE_METHOD_MATCH = YES;
				CODE_SIGN_IDENTITY = "-";
				COPY_PHASE_STRIP = NO;
				DEBUG_INFORMATION_FORMAT = "dwarf-with-dsym";
				ENABLE_NS_ASSERTIONS = NO;
				ENABLE_STRICT_OBJC_MSGSEND = YES;
				GCC_C_LANGUAGE_STANDARD = gnu99;
				GCC_NO_COMMON_BLOCKS = YES;
				GCC_WARN_64_TO_32_BIT_CONVERSION = YES;
				GCC_WARN_ABOUT_RETURN_TYPE = YES_ERROR;
				GCC_WARN_UNDECLARED_SELECTOR = YES;
				GCC_WARN_UNINITIALIZED_AUTOS = YES_AGGRESSIVE;
				GCC_WARN_UNUSED_FUNCTION = YES;
				GCC_WARN_UNUSED_VARIABLE = YES;
				MACOSX_DEPLOYMENT_TARGET = 10.10;
				MTL_ENABLE_DEBUG_INFO = NO;
				SDKROOT = macosx;
			};
			name = Release;
		};
		CD62A82D1BCE0FB9009D6B62 /* Debug */ = {
			isa = XCBuildConfiguration;
			baseConfigurationReference = 08A37E63274F3F7540B11A29 /* Pods-Snub.debug.xcconfig */;
			buildSettings = {
				ASSETCATALOG_COMPILER_APPICON_NAME = AppIcon;
				CLANG_ENABLE_MODULES = YES;
				COMBINE_HIDPI_IMAGES = YES;
				FRAMEWORK_SEARCH_PATHS = (
					"$(inherited)",
					"$(PROJECT_DIR)/HockeySDK-Mac",
				);
				INFOPLIST_FILE = "$(SRCROOT)/Info.plist";
				LD_RUNPATH_SEARCH_PATHS = "$(inherited) @executable_path/../Frameworks";
				MACOSX_DEPLOYMENT_TARGET = 10.10;
				PRODUCT_BUNDLE_IDENTIFIER = com.rnaapps.Snub;
				PRODUCT_NAME = "$(TARGET_NAME)";
				SWIFT_OBJC_BRIDGING_HEADER = "Snub-Bridging-Header.h";
				SWIFT_OPTIMIZATION_LEVEL = "-Onone";
			};
			name = Debug;
		};
		CD62A82E1BCE0FB9009D6B62 /* Release */ = {
			isa = XCBuildConfiguration;
			baseConfigurationReference = EE5CF2033A91327DC2E1ADD1 /* Pods-Snub.release.xcconfig */;
			buildSettings = {
				ASSETCATALOG_COMPILER_APPICON_NAME = AppIcon;
				CLANG_ENABLE_MODULES = YES;
				COMBINE_HIDPI_IMAGES = YES;
				FRAMEWORK_SEARCH_PATHS = (
					"$(inherited)",
					"$(PROJECT_DIR)/HockeySDK-Mac",
				);
				INFOPLIST_FILE = "$(SRCROOT)/Info.plist";
				LD_RUNPATH_SEARCH_PATHS = "$(inherited) @executable_path/../Frameworks";
				MACOSX_DEPLOYMENT_TARGET = 10.10;
				PRODUCT_BUNDLE_IDENTIFIER = com.rnaapps.Snub;
				PRODUCT_NAME = "$(TARGET_NAME)";
				SWIFT_OBJC_BRIDGING_HEADER = "Snub-Bridging-Header.h";
			};
			name = Release;
		};
/* End XCBuildConfiguration section */

/* Begin XCConfigurationList section */
		CD62A8041BCE0FB9009D6B62 /* Build configuration list for PBXProject "Snub" */ = {
			isa = XCConfigurationList;
			buildConfigurations = (
				CD62A82A1BCE0FB9009D6B62 /* Debug */,
				CD62A82B1BCE0FB9009D6B62 /* Release */,
			);
			defaultConfigurationIsVisible = 0;
			defaultConfigurationName = Release;
		};
		CD62A82C1BCE0FB9009D6B62 /* Build configuration list for PBXNativeTarget "Snub" */ = {
			isa = XCConfigurationList;
			buildConfigurations = (
				CD62A82D1BCE0FB9009D6B62 /* Debug */,
				CD62A82E1BCE0FB9009D6B62 /* Release */,
			);
			defaultConfigurationIsVisible = 0;
			defaultConfigurationName = Release;
		};
/* End XCConfigurationList section */
	};
	rootObject = CD62A8011BCE0FB9009D6B62 /* Project object */;
}
