PODS:
  - CocoaLumberjack (2.1.0-beta):
    - CocoaLumberjack/Default (= 2.1.0-beta)
    - CocoaLumberjack/Extensions (= 2.1.0-beta)
  - CocoaLumberjack/Core (2.1.0-beta)
  - CocoaLumberjack/Default (2.1.0-beta):
    - CocoaLumberjack/Core
  - CocoaLumberjack/Extensions (2.1.0-beta):
    - CocoaLumberjack/Default
  - PDKTZipArchive (0.3.5)

DEPENDENCIES:
  - CocoaLumberjack (= 2.1.0-beta)
  - PDKTZipArchive (from `https://github.com/JoeMatt/PDKTZipArchive`)

EXTERNAL SOURCES:
  PDKTZipArchive:
    :git: https://github.com/JoeMatt/PDKTZipArchive

CHECKOUT OPTIONS:
  PDKTZipArchive:
    :commit: d123ebf984d610b6d7e5a340797cd55a8c118cf7
    :git: https://github.com/JoeMatt/PDKTZipArchive

SPEC CHECKSUMS:
  CocoaLumberjack: 89ff78bbc0723eec8f761f1274993e0699facab8
  PDKTZipArchive: 60211ac8eb1655ef23001b450de1f55b3fbfeac7

COCOAPODS: 0.39.0
