PODS:
  - CocoaLumberjack (2.1.0-beta):
    - CocoaLumberjack/Default (= 2.1.0-beta)
    - CocoaLumberjack/Extensions (= 2.1.0-beta)
  - CocoaLumberjack/Core (2.1.0-beta)
  - CocoaLumberjack/Default (2.1.0-beta):
    - CocoaLumberjack/Core
  - CocoaLumberjack/Extensions (2.1.0-beta):
    - CocoaLumberjack/Default
  - PDKTZipArchive (0.3.5)

DEPENDENCIES:
  - CocoaLumberjack (= 2.1.0-beta)
  - PDKTZipArchive (~> 0.3)

SPEC CHECKSUMS:
  CocoaLumberjack: 89ff78bbc0723eec8f761f1274993e0699facab8
  PDKTZipArchive: 81c4824eb5587131e422fc58b92c043c4aa96466

COCOAPODS: 0.39.0
