PODS:
  - AsyncSwift (1.4.2)
  - CocoaLumberjack/Core (2.1.0-beta)
  - CocoaLumberjack/Default (2.1.0-beta):
    - CocoaLumberjack/Core
  - CocoaLumberjack/Extensions (2.1.0-beta):
    - CocoaLumberjack/Default
  - CocoaLumberjack/Swift (2.1.0-beta):
    - CocoaLumberjack/Extensions
  - FuzzySearch (1.1.0)
  - PDKTZipArchive (0.3.5)
  - Sparkle (1.11.0)
  - SwiftRegExp (1.2)

DEPENDENCIES:
  - AsyncSwift
  - CocoaLumberjack/Swift (from `https://github.com/CocoaLumberjack/CocoaLumberjack.git`,
    tag `2.1.0-beta`)
  - FuzzySearch (from `https://github.com/ashokgelal/FuzzySearch`)
  - PDKTZipArchive (from `https://github.com/ashokgelal/PDKTZipArchive`)
  - Sparkle (~> 1.10)
  - SwiftRegExp (from `https://github.com/ashokgelal/SwiftRegExp`)

EXTERNAL SOURCES:
  CocoaLumberjack:
    :git: https://github.com/CocoaLumberjack/CocoaLumberjack.git
    :tag: 2.1.0-beta
  FuzzySearch:
    :git: https://github.com/ashokgelal/FuzzySearch
  PDKTZipArchive:
    :git: https://github.com/ashokgelal/PDKTZipArchive
  SwiftRegExp:
    :git: https://github.com/ashokgelal/SwiftRegExp

CHECKOUT OPTIONS:
  CocoaLumberjack:
    :git: https://github.com/CocoaLumberjack/CocoaLumberjack.git
    :tag: 2.1.0-beta
  FuzzySearch:
    :commit: 631e9dac3e7edb83e7be76b74ad3f960940f672a
    :git: https://github.com/ashokgelal/FuzzySearch
  PDKTZipArchive:
    :commit: d123ebf984d610b6d7e5a340797cd55a8c118cf7
    :git: https://github.com/ashokgelal/PDKTZipArchive
  SwiftRegExp:
    :commit: f6a2842498f3deb944f7146508e6e451d5d6ccd8
    :git: https://github.com/ashokgelal/SwiftRegExp

SPEC CHECKSUMS:
  AsyncSwift: 3316df38ee85d6b01ede507d682d92fb5511504e
  CocoaLumberjack: 89ff78bbc0723eec8f761f1274993e0699facab8
  FuzzySearch: 01d50002dc7a34001cd895ed18816e58bf6879ae
  PDKTZipArchive: 60211ac8eb1655ef23001b450de1f55b3fbfeac7
  Sparkle: cf10103ef35fd89caa35373bfd772c5d6f9c7d73
  SwiftRegExp: a59efb97a7e33f302e82312fd8c8644ac6e8da97

COCOAPODS: 0.39.0
